// !$*UTF8*$!
{
	archiveVersion = 1;
	classes = {
	};
	objectVersion = 55;
	objects = {

/* Begin PBXBuildFile section */
		1C4D051627BC378500136597 /* MenuVC.swift in Sources */ = {isa = PBXBuildFile; fileRef = 1C4D051527BC378500136597 /* MenuVC.swift */; };
		1C4D051827BC431E00136597 /* OrderVC.swift in Sources */ = {isa = PBXBuildFile; fileRef = 1C4D051727BC431E00136597 /* OrderVC.swift */; };
		1CCAEF6527BDCCF10064116C /* extension+uiview.swift in Sources */ = {isa = PBXBuildFile; fileRef = 1CCAEF6427BDCCF10064116C /* extension+uiview.swift */; };
		1CCAEF6727BDCDC30064116C /* FilterCollectionViewCell.swift in Sources */ = {isa = PBXBuildFile; fileRef = 1CCAEF6627BDCDC30064116C /* FilterCollectionViewCell.swift */; };
		1CCC30FF27BB0BBA00E0236A /* AppDelegate.swift in Sources */ = {isa = PBXBuildFile; fileRef = 1CCC30FE27BB0BBA00E0236A /* AppDelegate.swift */; };
		1CCC310127BB0BBA00E0236A /* SceneDelegate.swift in Sources */ = {isa = PBXBuildFile; fileRef = 1CCC310027BB0BBA00E0236A /* SceneDelegate.swift */; };
		1CCC310327BB0BBA00E0236A /* TabBarController.swift in Sources */ = {isa = PBXBuildFile; fileRef = 1CCC310227BB0BBA00E0236A /* TabBarController.swift */; };
		1CCC310827BB0BBA00E0236A /* Assets.xcassets in Resources */ = {isa = PBXBuildFile; fileRef = 1CCC310727BB0BBA00E0236A /* Assets.xcassets */; };
		1CCC310B27BB0BBA00E0236A /* LaunchScreen.storyboard in Resources */ = {isa = PBXBuildFile; fileRef = 1CCC310927BB0BBA00E0236A /* LaunchScreen.storyboard */; };
/* End PBXBuildFile section */

/* Begin PBXFileReference section */
		1C4D051527BC378500136597 /* MenuVC.swift */ = {isa = PBXFileReference; lastKnownFileType = sourcecode.swift; path = MenuVC.swift; sourceTree = "<group>"; };
		1C4D051727BC431E00136597 /* OrderVC.swift */ = {isa = PBXFileReference; lastKnownFileType = sourcecode.swift; path = OrderVC.swift; sourceTree = "<group>"; };
		1CCAEF6427BDCCF10064116C /* extension+uiview.swift */ = {isa = PBXFileReference; lastKnownFileType = sourcecode.swift; path = "extension+uiview.swift"; sourceTree = "<group>"; };
		1CCAEF6627BDCDC30064116C /* FilterCollectionViewCell.swift */ = {isa = PBXFileReference; lastKnownFileType = sourcecode.swift; path = FilterCollectionViewCell.swift; sourceTree = "<group>"; };
		1CCC30FB27BB0BBA00E0236A /* Ordering.app */ = {isa = PBXFileReference; explicitFileType = wrapper.application; includeInIndex = 0; path = Ordering.app; sourceTree = BUILT_PRODUCTS_DIR; };
		1CCC30FE27BB0BBA00E0236A /* AppDelegate.swift */ = {isa = PBXFileReference; lastKnownFileType = sourcecode.swift; path = AppDelegate.swift; sourceTree = "<group>"; };
		1CCC310027BB0BBA00E0236A /* SceneDelegate.swift */ = {isa = PBXFileReference; lastKnownFileType = sourcecode.swift; path = SceneDelegate.swift; sourceTree = "<group>"; };
		1CCC310227BB0BBA00E0236A /* TabBarController.swift */ = {isa = PBXFileReference; lastKnownFileType = sourcecode.swift; path = TabBarController.swift; sourceTree = "<group>"; };
		1CCC310727BB0BBA00E0236A /* Assets.xcassets */ = {isa = PBXFileReference; lastKnownFileType = folder.assetcatalog; path = Assets.xcassets; sourceTree = "<group>"; };
		1CCC310A27BB0BBA00E0236A /* Base */ = {isa = PBXFileReference; lastKnownFileType = file.storyboard; name = Base; path = Base.lproj/LaunchScreen.storyboard; sourceTree = "<group>"; };
		1CCC310C27BB0BBA00E0236A /* Info.plist */ = {isa = PBXFileReference; lastKnownFileType = text.plist.xml; path = Info.plist; sourceTree = "<group>"; };
/* End PBXFileReference section */

/* Begin PBXFrameworksBuildPhase section */
		1CCC30F827BB0BBA00E0236A /* Frameworks */ = {
			isa = PBXFrameworksBuildPhase;
			buildActionMask = 2147483647;
			files = (
			);
			runOnlyForDeploymentPostprocessing = 0;
		};
/* End PBXFrameworksBuildPhase section */

/* Begin PBXGroup section */
		1CCC30F227BB0BBA00E0236A = {
			isa = PBXGroup;
			children = (
				1CCC30FD27BB0BBA00E0236A /* Ordering */,
				1CCC30FC27BB0BBA00E0236A /* Products */,
			);
			sourceTree = "<group>";
		};
		1CCC30FC27BB0BBA00E0236A /* Products */ = {
			isa = PBXGroup;
			children = (
				1CCC30FB27BB0BBA00E0236A /* Ordering.app */,
			);
			name = Products;
			sourceTree = "<group>";
		};
		1CCC30FD27BB0BBA00E0236A /* Ordering */ = {
			isa = PBXGroup;
			children = (
				1CCC30FE27BB0BBA00E0236A /* AppDelegate.swift */,
				1CCC310027BB0BBA00E0236A /* SceneDelegate.swift */,
				1CCC310227BB0BBA00E0236A /* TabBarController.swift */,
				1C4D051527BC378500136597 /* MenuVC.swift */,
				1C4D051727BC431E00136597 /* OrderVC.swift */,
				1CCC310727BB0BBA00E0236A /* Assets.xcassets */,
				1CCAEF6627BDCDC30064116C /* FilterCollectionViewCell.swift */,
				1CCC310927BB0BBA00E0236A /* LaunchScreen.storyboard */,
				1CCC310C27BB0BBA00E0236A /* Info.plist */,
				1CCAEF6427BDCCF10064116C /* extension+uiview.swift */,
			);
			path = Ordering;
			sourceTree = "<group>";
		};
/* End PBXGroup section */

/* Begin PBXNativeTarget section */
		1CCC30FA27BB0BBA00E0236A /* Ordering */ = {
			isa = PBXNativeTarget;
			buildConfigurationList = 1CCC310F27BB0BBA00E0236A /* Build configuration list for PBXNativeTarget "Ordering" */;
			buildPhases = (
				1CCC30F727BB0BBA00E0236A /* Sources */,
				1CCC30F827BB0BBA00E0236A /* Frameworks */,
				1CCC30F927BB0BBA00E0236A /* Resources */,
			);
			buildRules = (
			);
			dependencies = (
			);
			name = Ordering;
			productName = Ordering;
			productReference = 1CCC30FB27BB0BBA00E0236A /* Ordering.app */;
			productType = "com.apple.product-type.application";
		};
/* End PBXNativeTarget section */

/* Begin PBXProject section */
		1CCC30F327BB0BBA00E0236A /* Project object */ = {
			isa = PBXProject;
			attributes = {
				BuildIndependentTargetsInParallel = 1;
				LastSwiftUpdateCheck = 1320;
				LastUpgradeCheck = 1320;
				TargetAttributes = {
					1CCC30FA27BB0BBA00E0236A = {
						CreatedOnToolsVersion = 13.2;
					};
				};
			};
			buildConfigurationList = 1CCC30F627BB0BBA00E0236A /* Build configuration list for PBXProject "Ordering" */;
			compatibilityVersion = "Xcode 13.0";
			developmentRegion = en;
			hasScannedForEncodings = 0;
			knownRegions = (
				en,
				Base,
			);
			mainGroup = 1CCC30F227BB0BBA00E0236A;
			productRefGroup = 1CCC30FC27BB0BBA00E0236A /* Products */;
			projectDirPath = "";
			projectRoot = "";
			targets = (
				1CCC30FA27BB0BBA00E0236A /* Ordering */,
			);
		};
/* End PBXProject section */

/* Begin PBXResourcesBuildPhase section */
		1CCC30F927BB0BBA00E0236A /* Resources */ = {
			isa = PBXResourcesBuildPhase;
			buildActionMask = 2147483647;
			files = (
				1CCC310B27BB0BBA00E0236A /* LaunchScreen.storyboard in Resources */,
				1CCC310827BB0BBA00E0236A /* Assets.xcassets in Resources */,
			);
			runOnlyForDeploymentPostprocessing = 0;
		};
/* End PBXResourcesBuildPhase section */

/* Begin PBXSourcesBuildPhase section */
		1CCC30F727BB0BBA00E0236A /* Sources */ = {
			isa = PBXSourcesBuildPhase;
			buildActionMask = 2147483647;
			files = (
				1CCAEF6527BDCCF10064116C /* extension+uiview.swift in Sources */,
				1CCC310327BB0BBA00E0236A /* TabBarController.swift in Sources */,
				1CCC30FF27BB0BBA00E0236A /* AppDelegate.swift in Sources */,
				1C4D051827BC431E00136597 /* OrderVC.swift in Sources */,
				1CCC310127BB0BBA00E0236A /* SceneDelegate.swift in Sources */,
				1C4D051627BC378500136597 /* MenuVC.swift in Sources */,
				1CCAEF6727BDCDC30064116C /* FilterCollectionViewCell.swift in Sources */,
			);
			runOnlyForDeploymentPostprocessing = 0;
		};
/* End PBXSourcesBuildPhase section */

/* Begin PBXVariantGroup section */
		1CCC310927BB0BBA00E0236A /* LaunchScreen.storyboard */ = {
			isa = PBXVariantGroup;
			children = (
				1CCC310A27BB0BBA00E0236A /* Base */,
			);
			name = LaunchScreen.storyboard;
			sourceTree = "<group>";
		};
/* End PBXVariantGroup section */

/* Begin XCBuildConfiguration section */
		1CCC310D27BB0BBA00E0236A /* Debug */ = {
			isa = XCBuildConfiguration;
			buildSettings = {
				ALWAYS_SEARCH_USER_PATHS = NO;
				CLANG_ANALYZER_NONNULL = YES;
				CLANG_ANALYZER_NUMBER_OBJECT_CONVERSION = YES_AGGRESSIVE;
				CLANG_CXX_LANGUAGE_STANDARD = "gnu++17";
				CLANG_CXX_LIBRARY = "libc++";
				CLANG_ENABLE_MODULES = YES;
				CLANG_ENABLE_OBJC_ARC = YES;
				CLANG_ENABLE_OBJC_WEAK = YES;
				CLANG_WARN_BLOCK_CAPTURE_AUTORELEASING = YES;
				CLANG_WARN_BOOL_CONVERSION = YES;
				CLANG_WARN_COMMA = YES;
				CLANG_WARN_CONSTANT_CONVERSION = YES;
				CLANG_WARN_DEPRECATED_OBJC_IMPLEMENTATIONS = YES;
				CLANG_WARN_DIRECT_OBJC_ISA_USAGE = YES_ERROR;
				CLANG_WARN_DOCUMENTATION_COMMENTS = YES;
				CLANG_WARN_EMPTY_BODY = YES;
				CLANG_WARN_ENUM_CONVERSION = YES;
				CLANG_WARN_INFINITE_RECURSION = YES;
				CLANG_WARN_INT_CONVERSION = YES;
				CLANG_WARN_NON_LITERAL_NULL_CONVERSION = YES;
				CLANG_WARN_OBJC_IMPLICIT_RETAIN_SELF = YES;
				CLANG_WARN_OBJC_LITERAL_CONVERSION = YES;
				CLANG_WARN_OBJC_ROOT_CLASS = YES_ERROR;
				CLANG_WARN_QUOTED_INCLUDE_IN_FRAMEWORK_HEADER = YES;
				CLANG_WARN_RANGE_LOOP_ANALYSIS = YES;
				CLANG_WARN_STRICT_PROTOTYPES = YES;
				CLANG_WARN_SUSPICIOUS_MOVE = YES;
				CLANG_WARN_UNGUARDED_AVAILABILITY = YES_AGGRESSIVE;
				CLANG_WARN_UNREACHABLE_CODE = YES;
				CLANG_WARN__DUPLICATE_METHOD_MATCH = YES;
				COPY_PHASE_STRIP = NO;
				DEBUG_INFORMATION_FORMAT = dwarf;
				ENABLE_STRICT_OBJC_MSGSEND = YES;
				ENABLE_TESTABILITY = YES;
				GCC_C_LANGUAGE_STANDARD = gnu11;
				GCC_DYNAMIC_NO_PIC = NO;
				GCC_NO_COMMON_BLOCKS = YES;
				GCC_OPTIMIZATION_LEVEL = 0;
				GCC_PREPROCESSOR_DEFINITIONS = (
					"DEBUG=1",
					"$(inherited)",
				);
				GCC_WARN_64_TO_32_BIT_CONVERSION = YES;
				GCC_WARN_ABOUT_RETURN_TYPE = YES_ERROR;
				GCC_WARN_UNDECLARED_SELECTOR = YES;
				GCC_WARN_UNINITIALIZED_AUTOS = YES_AGGRESSIVE;
				GCC_WARN_UNUSED_FUNCTION = YES;
				GCC_WARN_UNUSED_VARIABLE = YES;
				IPHONEOS_DEPLOYMENT_TARGET = 15.2;
				MTL_ENABLE_DEBUG_INFO = INCLUDE_SOURCE;
				MTL_FAST_MATH = YES;
				ONLY_ACTIVE_ARCH = YES;
				SDKROOT = iphoneos;
				SWIFT_ACTIVE_COMPILATION_CONDITIONS = DEBUG;
				SWIFT_OPTIMIZATION_LEVEL = "-Onone";
			};
			name = Debug;
		};
		1CCC310E27BB0BBA00E0236A /* Release */ = {
			isa = XCBuildConfiguration;
			buildSettings = {
				ALWAYS_SEARCH_USER_PATHS = NO;
				CLANG_ANALYZER_NONNULL = YES;
				CLANG_ANALYZER_NUMBER_OBJECT_CONVERSION = YES_AGGRESSIVE;
				CLANG_CXX_LANGUAGE_STANDARD = "gnu++17";
				CLANG_CXX_LIBRARY = "libc++";
				CLANG_ENABLE_MODULES = YES;
				CLANG_ENABLE_OBJC_ARC = YES;
				CLANG_ENABLE_OBJC_WEAK = YES;
				CLANG_WARN_BLOCK_CAPTURE_AUTORELEASING = YES;
				CLANG_WARN_BOOL_CONVERSION = YES;
				CLANG_WARN_COMMA = YES;
				CLANG_WARN_CONSTANT_CONVERSION = YES;
				CLANG_WARN_DEPRECATED_OBJC_IMPLEMENTATIONS = YES;
				CLANG_WARN_DIRECT_OBJC_ISA_USAGE = YES_ERROR;
				CLANG_WARN_DOCUMENTATION_COMMENTS = YES;
				CLANG_WARN_EMPTY_BODY = YES;
				CLANG_WARN_ENUM_CONVERSION = YES;
				CLANG_WARN_INFINITE_RECURSION = YES;
				CLANG_WARN_INT_CONVERSION = YES;
				CLANG_WARN_NON_LITERAL_NULL_CONVERSION = YES;
				CLANG_WARN_OBJC_IMPLICIT_RETAIN_SELF = YES;
				CLANG_WARN_OBJC_LITERAL_CONVERSION = YES;
				CLANG_WARN_OBJC_ROOT_CLASS = YES_ERROR;
				CLANG_WARN_QUOTED_INCLUDE_IN_FRAMEWORK_HEADER = YES;
				CLANG_WARN_RANGE_LOOP_ANALYSIS = YES;
				CLANG_WARN_STRICT_PROTOTYPES = YES;
				CLANG_WARN_SUSPICIOUS_MOVE = YES;
				CLANG_WARN_UNGUARDED_AVAILABILITY = YES_AGGRESSIVE;
				CLANG_WARN_UNREACHABLE_CODE = YES;
				CLANG_WARN__DUPLICATE_METHOD_MATCH = YES;
				COPY_PHASE_STRIP = NO;
				DEBUG_INFORMATION_FORMAT = "dwarf-with-dsym";
				ENABLE_NS_ASSERTIONS = NO;
				ENABLE_STRICT_OBJC_MSGSEND = YES;
				GCC_C_LANGUAGE_STANDARD = gnu11;
				GCC_NO_COMMON_BLOCKS = YES;
				GCC_WARN_64_TO_32_BIT_CONVERSION = YES;
				GCC_WARN_ABOUT_RETURN_TYPE = YES_ERROR;
				GCC_WARN_UNDECLARED_SELECTOR = YES;
				GCC_WARN_UNINITIALIZED_AUTOS = YES_AGGRESSIVE;
				GCC_WARN_UNUSED_FUNCTION = YES;
				GCC_WARN_UNUSED_VARIABLE = YES;
				IPHONEOS_DEPLOYMENT_TARGET = 15.2;
				MTL_ENABLE_DEBUG_INFO = NO;
				MTL_FAST_MATH = YES;
				SDKROOT = iphoneos;
				SWIFT_COMPILATION_MODE = wholemodule;
				SWIFT_OPTIMIZATION_LEVEL = "-O";
				VALIDATE_PRODUCT = YES;
			};
			name = Release;
		};
		1CCC311027BB0BBA00E0236A /* Debug */ = {
			isa = XCBuildConfiguration;
			buildSettings = {
				ASSETCATALOG_COMPILER_APPICON_NAME = AppIcon;
				ASSETCATALOG_COMPILER_GLOBAL_ACCENT_COLOR_NAME = AccentColor;
				CODE_SIGN_STYLE = Automatic;
				CURRENT_PROJECT_VERSION = 1;
				DEVELOPMENT_TEAM = 533TP9CHK8;
				GENERATE_INFOPLIST_FILE = YES;
				INFOPLIST_FILE = Ordering/Info.plist;
				INFOPLIST_KEY_UIApplicationSupportsIndirectInputEvents = YES;
				INFOPLIST_KEY_UILaunchStoryboardName = LaunchScreen;
				INFOPLIST_KEY_UISupportedInterfaceOrientations_iPad = "UIInterfaceOrientationPortrait UIInterfaceOrientationPortraitUpsideDown UIInterfaceOrientationLandscapeLeft UIInterfaceOrientationLandscapeRight";
				INFOPLIST_KEY_UISupportedInterfaceOrientations_iPhone = "UIInterfaceOrientationPortrait UIInterfaceOrientationLandscapeLeft UIInterfaceOrientationLandscapeRight";
				LD_RUNPATH_SEARCH_PATHS = (
					"$(inherited)",
					"@executable_path/Frameworks",
				);
				MARKETING_VERSION = 1.0;
				PRODUCT_BUNDLE_IDENTIFIER = anOrg.Ordering;
				PRODUCT_NAME = "$(TARGET_NAME)";
				SWIFT_EMIT_LOC_STRINGS = YES;
				SWIFT_VERSION = 5.0;
				TARGETED_DEVICE_FAMILY = "1,2";
			};
			name = Debug;
		};
		1CCC311127BB0BBA00E0236A /* Release */ = {
			isa = XCBuildConfiguration;
			buildSettings = {
				ASSETCATALOG_COMPILER_APPICON_NAME = AppIcon;
				ASSETCATALOG_COMPILER_GLOBAL_ACCENT_COLOR_NAME = AccentColor;
				CODE_SIGN_STYLE = Automatic;
				CURRENT_PROJECT_VERSION = 1;
				DEVELOPMENT_TEAM = 533TP9CHK8;
				GENERATE_INFOPLIST_FILE = YES;
				INFOPLIST_FILE = Ordering/Info.plist;
				INFOPLIST_KEY_UIApplicationSupportsIndirectInputEvents = YES;
				INFOPLIST_KEY_UILaunchStoryboardName = LaunchScreen;
				INFOPLIST_KEY_UISupportedInterfaceOrientations_iPad = "UIInterfaceOrientationPortrait UIInterfaceOrientationPortraitUpsideDown UIInterfaceOrientationLandscapeLeft UIInterfaceOrientationLandscapeRight";
				INFOPLIST_KEY_UISupportedInterfaceOrientations_iPhone = "UIInterfaceOrientationPortrait UIInterfaceOrientationLandscapeLeft UIInterfaceOrientationLandscapeRight";
				LD_RUNPATH_SEARCH_PATHS = (
					"$(inherited)",
					"@executable_path/Frameworks",
				);
				MARKETING_VERSION = 1.0;
				PRODUCT_BUNDLE_IDENTIFIER = anOrg.Ordering;
				PRODUCT_NAME = "$(TARGET_NAME)";
				SWIFT_EMIT_LOC_STRINGS = YES;
				SWIFT_VERSION = 5.0;
				TARGETED_DEVICE_FAMILY = "1,2";
			};
			name = Release;
		};
/* End XCBuildConfiguration section */

/* Begin XCConfigurationList section */
		1CCC30F627BB0BBA00E0236A /* Build configuration list for PBXProject "Ordering" */ = {
			isa = XCConfigurationList;
			buildConfigurations = (
				1CCC310D27BB0BBA00E0236A /* Debug */,
				1CCC310E27BB0BBA00E0236A /* Release */,
			);
			defaultConfigurationIsVisible = 0;
			defaultConfigurationName = Release;
		};
		1CCC310F27BB0BBA00E0236A /* Build configuration list for PBXNativeTarget "Ordering" */ = {
			isa = XCConfigurationList;
			buildConfigurations = (
				1CCC311027BB0BBA00E0236A /* Debug */,
				1CCC311127BB0BBA00E0236A /* Release */,
			);
			defaultConfigurationIsVisible = 0;
			defaultConfigurationName = Release;
		};
/* End XCConfigurationList section */
	};
	rootObject = 1CCC30F327BB0BBA00E0236A /* Project object */;
}
